
Microsoft Visual Studio Solution File, Format Version 11.00
# Visual Studio 2010
Project("{FAE04EC0-301F-11D3-BF4B-00C04F79EFBC}") = "POUtility", "POUtility\POUtility.csproj", "{3C0D96DD-D2FA-4B5C-891E-148C1973B155}"
EndProject
Project("{FAE04EC0-301F-11D3-BF4B-00C04F79EFBC}") = "LangUtility", "LangUtility\LangUtility.csproj", "{A18FEC10-07E2-4DBA-9BA8-632CA0995370}"
EndProject
Project("{FAE04EC0-301F-11D3-BF4B-00C04F79EFBC}") = "POCmd", "POCmd\POCmd.csproj", "{8E33519A-98E6-43B4-A6A3-25F08DF851CA}"
	ProjectSection(ProjectDependencies) = postProject
		{A18FEC10-07E2-4DBA-9BA8-632CA0995370} = {A18FEC10-07E2-4DBA-9BA8-632CA0995370}
		{3C0D96DD-D2FA-4B5C-891E-148C1973B155} = {3C0D96DD-D2FA-4B5C-891E-148C1973B155}
	EndProjectSection
EndProject
Project("{FAE04EC0-301F-11D3-BF4B-00C04F79EFBC}") = "POManager", "POManager\POManager.csproj", "{C4DFCB1D-50F0-430C-A448-71AF64714868}"
EndProject
Global
	GlobalSection(SolutionConfigurationPlatforms) = preSolution
		Debug|Any CPU = Debug|Any CPU
		Debug|Mixed Platforms = Debug|Mixed Platforms
		Debug|x86 = Debug|x86
		Release|Any CPU = Release|Any CPU
		Release|Mixed Platforms = Release|Mixed Platforms
		Release|x86 = Release|x86
	EndGlobalSection
	GlobalSection(ProjectConfigurationPlatforms) = postSolution
		{3C0D96DD-D2FA-4B5C-891E-148C1973B155}.Debug|Any CPU.ActiveCfg = Debug|Any CPU
		{3C0D96DD-D2FA-4B5C-891E-148C1973B155}.Debug|Any CPU.Build.0 = Debug|Any CPU
		{3C0D96DD-D2FA-4B5C-891E-148C1973B155}.Debug|Mixed Platforms.ActiveCfg = Debug|Any CPU
		{3C0D96DD-D2FA-4B5C-891E-148C1973B155}.Debug|Mixed Platforms.Build.0 = Debug|Any CPU
		{3C0D96DD-D2FA-4B5C-891E-148C1973B155}.Debug|x86.ActiveCfg = Debug|Any CPU
		{3C0D96DD-D2FA-4B5C-891E-148C1973B155}.Release|Any CPU.ActiveCfg = Release|Any CPU
		{3C0D96DD-D2FA-4B5C-891E-148C1973B155}.Release|Any CPU.Build.0 = Release|Any CPU
		{3C0D96DD-D2FA-4B5C-891E-148C1973B155}.Release|Mixed Platforms.ActiveCfg = Release|Any CPU
		{3C0D96DD-D2FA-4B5C-891E-148C1973B155}.Release|Mixed Platforms.Build.0 = Release|Any CPU
		{3C0D96DD-D2FA-4B5C-891E-148C1973B155}.Release|x86.ActiveCfg = Release|Any CPU
		{A18FEC10-07E2-4DBA-9BA8-632CA0995370}.Debug|Any CPU.ActiveCfg = Debug|Any CPU
		{A18FEC10-07E2-4DBA-9BA8-632CA0995370}.Debug|Any CPU.Build.0 = Debug|Any CPU
		{A18FEC10-07E2-4DBA-9BA8-632CA0995370}.Debug|Mixed Platforms.ActiveCfg = Debug|Any CPU
		{A18FEC10-07E2-4DBA-9BA8-632CA0995370}.Debug|Mixed Platforms.Build.0 = Debug|Any CPU
		{A18FEC10-07E2-4DBA-9BA8-632CA0995370}.Debug|x86.ActiveCfg = Debug|Any CPU
		{A18FEC10-07E2-4DBA-9BA8-632CA0995370}.Release|Any CPU.ActiveCfg = Release|Any CPU
		{A18FEC10-07E2-4DBA-9BA8-632CA0995370}.Release|Any CPU.Build.0 = Release|Any CPU
		{A18FEC10-07E2-4DBA-9BA8-632CA0995370}.Release|Mixed Platforms.ActiveCfg = Release|Any CPU
		{A18FEC10-07E2-4DBA-9BA8-632CA0995370}.Release|Mixed Platforms.Build.0 = Release|Any CPU
		{A18FEC10-07E2-4DBA-9BA8-632CA0995370}.Release|x86.ActiveCfg = Release|Any CPU
		{8E33519A-98E6-43B4-A6A3-25F08DF851CA}.Debug|Any CPU.ActiveCfg = Debug|x86
		{8E33519A-98E6-43B4-A6A3-25F08DF851CA}.Debug|Mixed Platforms.ActiveCfg = Debug|x86
		{8E33519A-98E6-43B4-A6A3-25F08DF851CA}.Debug|Mixed Platforms.Build.0 = Debug|x86
		{8E33519A-98E6-43B4-A6A3-25F08DF851CA}.Debug|x86.ActiveCfg = Debug|x86
		{8E33519A-98E6-43B4-A6A3-25F08DF851CA}.Debug|x86.Build.0 = Debug|x86
		{8E33519A-98E6-43B4-A6A3-25F08DF851CA}.Release|Any CPU.ActiveCfg = Release|x86
		{8E33519A-98E6-43B4-A6A3-25F08DF851CA}.Release|Mixed Platforms.ActiveCfg = Release|x86
		{8E33519A-98E6-43B4-A6A3-25F08DF851CA}.Release|Mixed Platforms.Build.0 = Release|x86
		{8E33519A-98E6-43B4-A6A3-25F08DF851CA}.Release|x86.ActiveCfg = Release|x86
		{8E33519A-98E6-43B4-A6A3-25F08DF851CA}.Release|x86.Build.0 = Release|x86
		{C4DFCB1D-50F0-430C-A448-71AF64714868}.Debug|Any CPU.ActiveCfg = Debug|x86
		{C4DFCB1D-50F0-430C-A448-71AF64714868}.Debug|Mixed Platforms.ActiveCfg = Debug|x86
		{C4DFCB1D-50F0-430C-A448-71AF64714868}.Debug|Mixed Platforms.Build.0 = Debug|x86
		{C4DFCB1D-50F0-430C-A448-71AF64714868}.Debug|x86.ActiveCfg = Debug|x86
		{C4DFCB1D-50F0-430C-A448-71AF64714868}.Debug|x86.Build.0 = Debug|x86
		{C4DFCB1D-50F0-430C-A448-71AF64714868}.Release|Any CPU.ActiveCfg = Release|x86
		{C4DFCB1D-50F0-430C-A448-71AF64714868}.Release|Mixed Platforms.ActiveCfg = Release|x86
		{C4DFCB1D-50F0-430C-A448-71AF64714868}.Release|Mixed Platforms.Build.0 = Release|x86
		{C4DFCB1D-50F0-430C-A448-71AF64714868}.Release|x86.ActiveCfg = Release|x86
		{C4DFCB1D-50F0-430C-A448-71AF64714868}.Release|x86.Build.0 = Release|x86
	EndGlobalSection
	GlobalSection(SolutionProperties) = preSolution
		HideSolutionNode = FALSE
	EndGlobalSection
EndGlobal
